
Microsoft Visual Studio Solution File, Format Version 12.00
# Visual Studio Version 16
VisualStudioVersion = 16.0.30413.136
MinimumVisualStudioVersion = 10.0.40219.1
Project("{FAE04EC0-301F-11D3-BF4B-00C04F79EFBC}") = "KalmyExam", "KalmyExam\KalmyExam.csproj", "{C5CA26B5-601D-4C25-A01F-4A054C43CE3F}"
EndProject
Project("{FAE04EC0-301F-11D3-BF4B-00C04F79EFBC}") = "DBKalmy", "DBKalmy\DBKalmy.csproj", "{10423795-CCBF-4C3A-BA71-AE2B53601395}"
EndProject
Global
	GlobalSection(SolutionConfigurationPlatforms) = preSolution
		Debug|Any CPU = Debug|Any CPU
		Release|Any CPU = Release|Any CPU
	EndGlobalSection
	GlobalSection(ProjectConfigurationPlatforms) = postSolution
		{C5CA26B5-601D-4C25-A01F-4A054C43CE3F}.Debug|Any CPU.ActiveCfg = Debug|Any CPU
		{C5CA26B5-601D-4C25-A01F-4A054C43CE3F}.Debug|Any CPU.Build.0 = Debug|Any CPU
		{C5CA26B5-601D-4C25-A01F-4A054C43CE3F}.Release|Any CPU.ActiveCfg = Release|Any CPU
		{C5CA26B5-601D-4C25-A01F-4A054C43CE3F}.Release|Any CPU.Build.0 = Release|Any CPU
		{10423795-CCBF-4C3A-BA71-AE2B53601395}.Debug|Any CPU.ActiveCfg = Debug|Any CPU
		{10423795-CCBF-4C3A-BA71-AE2B53601395}.Debug|Any CPU.Build.0 = Debug|Any CPU
		{10423795-CCBF-4C3A-BA71-AE2B53601395}.Release|Any CPU.ActiveCfg = Release|Any CPU
		{10423795-CCBF-4C3A-BA71-AE2B53601395}.Release|Any CPU.Build.0 = Release|Any CPU
	EndGlobalSection
	GlobalSection(SolutionProperties) = preSolution
		HideSolutionNode = FALSE
	EndGlobalSection
	GlobalSection(ExtensibilityGlobals) = postSolution
		SolutionGuid = {B0C8163C-5EB4-492F-95B2-06215285F7D6}
	EndGlobalSection
EndGlobal
